
Microsoft Visual Studio Solution File, Format Version 12.00
# Visual Studio Version 16
VisualStudioVersion = 16.0.30711.63
MinimumVisualStudioVersion = 10.0.40219.1
Project("{FAE04EC0-301F-11D3-BF4B-00C04F79EFBC}") = "lab2", "lab2\lab2.csproj", "{CCDAD058-D22A-483F-AD40-BBB1B7286E98}"
EndProject
Project("{FAE04EC0-301F-11D3-BF4B-00C04F79EFBC}") = "lab2Tests", "lab2Tests\lab2Tests.csproj", "{6F15DB1F-6A00-4F64-9479-037EC27450EA}"
EndProject
Global
	GlobalSection(SolutionConfigurationPlatforms) = preSolution
		Debug|Any CPU = Debug|Any CPU
		Release|Any CPU = Release|Any CPU
	EndGlobalSection
	GlobalSection(ProjectConfigurationPlatforms) = postSolution
		{CCDAD058-D22A-483F-AD40-BBB1B7286E98}.Debug|Any CPU.ActiveCfg = Debug|Any CPU
		{CCDAD058-D22A-483F-AD40-BBB1B7286E98}.Debug|Any CPU.Build.0 = Debug|Any CPU
		{CCDAD058-D22A-483F-AD40-BBB1B7286E98}.Release|Any CPU.ActiveCfg = Release|Any CPU
		{CCDAD058-D22A-483F-AD40-BBB1B7286E98}.Release|Any CPU.Build.0 = Release|Any CPU
		{6F15DB1F-6A00-4F64-9479-037EC27450EA}.Debug|Any CPU.ActiveCfg = Debug|Any CPU
		{6F15DB1F-6A00-4F64-9479-037EC27450EA}.Debug|Any CPU.Build.0 = Debug|Any CPU
		{6F15DB1F-6A00-4F64-9479-037EC27450EA}.Release|Any CPU.ActiveCfg = Release|Any CPU
		{6F15DB1F-6A00-4F64-9479-037EC27450EA}.Release|Any CPU.Build.0 = Release|Any CPU
	EndGlobalSection
	GlobalSection(SolutionProperties) = preSolution
		HideSolutionNode = FALSE
	EndGlobalSection
	GlobalSection(ExtensibilityGlobals) = postSolution
		SolutionGuid = {665852BE-9184-4A94-BCAF-F3E9EAD23089}
	EndGlobalSection
EndGlobal
